// !$*UTF8*$!
{
	archiveVersion = 1;
	classes = {
	};
	objectVersion = 46;
	objects = {

/* Begin PBXBuildFile section */
		FA0895751B3F1A37002460BB /* RazzleDazzle.framework in Frameworks */ = {isa = PBXBuildFile; fileRef = FA0895741B3F1A37002460BB /* RazzleDazzle.framework */; };
		FA0895761B3F1A37002460BB /* RazzleDazzle.framework in Embed Frameworks */ = {isa = PBXBuildFile; fileRef = FA0895741B3F1A37002460BB /* RazzleDazzle.framework */; settings = {ATTRIBUTES = (CodeSignOnCopy, RemoveHeadersOnCopy, ); }; };
		FA6AC6DD1B3DF6690053688A /* LaunchScreen.storyboard in Resources */ = {isa = PBXBuildFile; fileRef = FA6AC6DB1B3DF6690053688A /* LaunchScreen.storyboard */; };
		FAD1C74E1B2F57D60053D880 /* AppDelegate.swift in Sources */ = {isa = PBXBuildFile; fileRef = FAD1C74D1B2F57D60053D880 /* AppDelegate.swift */; };
		FAD1C7501B2F57D60053D880 /* ViewController.swift in Sources */ = {isa = PBXBuildFile; fileRef = FAD1C74F1B2F57D60053D880 /* ViewController.swift */; };
		FAD1C7531B2F57D60053D880 /* Main.storyboard in Resources */ = {isa = PBXBuildFile; fileRef = FAD1C7511B2F57D60053D880 /* Main.storyboard */; };
		FAD1C7551B2F57D60053D880 /* Images.xcassets in Resources */ = {isa = PBXBuildFile; fileRef = FAD1C7541B2F57D60053D880 /* Images.xcassets */; };
		FAD1C7641B2F57D60053D880 /* RazzleDazzleDemoTests.swift in Sources */ = {isa = PBXBuildFile; fileRef = FAD1C7631B2F57D60053D880 /* RazzleDazzleDemoTests.swift */; };
/* End PBXBuildFile section */

/* Begin PBXContainerItemProxy section */
		FAD1C75E1B2F57D60053D880 /* PBXContainerItemProxy */ = {
			isa = PBXContainerItemProxy;
			containerPortal = FAD1C7401B2F57D60053D880 /* Project object */;
			proxyType = 1;
			remoteGlobalIDString = FAD1C7471B2F57D60053D880;
			remoteInfo = RazzleDazzleDemo;
		};
/* End PBXContainerItemProxy section */

/* Begin PBXCopyFilesBuildPhase section */
		FA0895771B3F1A37002460BB /* Embed Frameworks */ = {
			isa = PBXCopyFilesBuildPhase;
			buildActionMask = 2147483647;
			dstPath = "";
			dstSubfolderSpec = 10;
			files = (
				FA0895761B3F1A37002460BB /* RazzleDazzle.framework in Embed Frameworks */,
			);
			name = "Embed Frameworks";
			runOnlyForDeploymentPostprocessing = 0;
		};
/* End PBXCopyFilesBuildPhase section */

/* Begin PBXFileReference section */
		FA0895741B3F1A37002460BB /* RazzleDazzle.framework */ = {isa = PBXFileReference; explicitFileType = wrapper.framework; path = RazzleDazzle.framework; sourceTree = BUILT_PRODUCTS_DIR; };
		FA6AC6DC1B3DF6690053688A /* Base */ = {isa = PBXFileReference; lastKnownFileType = file.storyboard; name = Base; path = Base.lproj/LaunchScreen.storyboard; sourceTree = "<group>"; };
		FAD1C7481B2F57D60053D880 /* RazzleDazzleDemo.app */ = {isa = PBXFileReference; explicitFileType = wrapper.application; includeInIndex = 0; path = RazzleDazzleDemo.app; sourceTree = BUILT_PRODUCTS_DIR; };
		FAD1C74C1B2F57D60053D880 /* Info.plist */ = {isa = PBXFileReference; lastKnownFileType = text.plist.xml; path = Info.plist; sourceTree = "<group>"; };
		FAD1C74D1B2F57D60053D880 /* AppDelegate.swift */ = {isa = PBXFileReference; lastKnownFileType = sourcecode.swift; path = AppDelegate.swift; sourceTree = "<group>"; };
		FAD1C74F1B2F57D60053D880 /* ViewController.swift */ = {isa = PBXFileReference; lastKnownFileType = sourcecode.swift; path = ViewController.swift; sourceTree = "<group>"; };
		FAD1C7521B2F57D60053D880 /* Base */ = {isa = PBXFileReference; lastKnownFileType = file.storyboard; name = Base; path = Base.lproj/Main.storyboard; sourceTree = "<group>"; };
		FAD1C7541B2F57D60053D880 /* Images.xcassets */ = {isa = PBXFileReference; lastKnownFileType = folder.assetcatalog; path = Images.xcassets; sourceTree = "<group>"; };
		FAD1C75D1B2F57D60053D880 /* RazzleDazzleDemoTests.xctest */ = {isa = PBXFileReference; explicitFileType = wrapper.cfbundle; includeInIndex = 0; path = RazzleDazzleDemoTests.xctest; sourceTree = BUILT_PRODUCTS_DIR; };
		FAD1C7621B2F57D60053D880 /* Info.plist */ = {isa = PBXFileReference; lastKnownFileType = text.plist.xml; path = Info.plist; sourceTree = "<group>"; };
		FAD1C7631B2F57D60053D880 /* RazzleDazzleDemoTests.swift */ = {isa = PBXFileReference; lastKnownFileType = sourcecode.swift; path = RazzleDazzleDemoTests.swift; sourceTree = "<group>"; };
/* End PBXFileReference section */

/* Begin PBXFrameworksBuildPhase section */
		FAD1C7451B2F57D60053D880 /* Frameworks */ = {
			isa = PBXFrameworksBuildPhase;
			buildActionMask = 2147483647;
			files = (
				FA0895751B3F1A37002460BB /* RazzleDazzle.framework in Frameworks */,
			);
			runOnlyForDeploymentPostprocessing = 0;
		};
		FAD1C75A1B2F57D60053D880 /* Frameworks */ = {
			isa = PBXFrameworksBuildPhase;
			buildActionMask = 2147483647;
			files = (
			);
			runOnlyForDeploymentPostprocessing = 0;
		};
/* End PBXFrameworksBuildPhase section */

/* Begin PBXGroup section */
		FAD1C73F1B2F57D60053D880 = {
			isa = PBXGroup;
			children = (
				FA0895741B3F1A37002460BB /* RazzleDazzle.framework */,
				FAD1C74A1B2F57D60053D880 /* RazzleDazzleDemo */,
				FAD1C7601B2F57D60053D880 /* RazzleDazzleDemoTests */,
				FAD1C7491B2F57D60053D880 /* Products */,
			);
			sourceTree = "<group>";
		};
		FAD1C7491B2F57D60053D880 /* Products */ = {
			isa = PBXGroup;
			children = (
				FAD1C7481B2F57D60053D880 /* RazzleDazzleDemo.app */,
				FAD1C75D1B2F57D60053D880 /* RazzleDazzleDemoTests.xctest */,
			);
			name = Products;
			sourceTree = "<group>";
		};
		FAD1C74A1B2F57D60053D880 /* RazzleDazzleDemo */ = {
			isa = PBXGroup;
			children = (
				FAD1C74D1B2F57D60053D880 /* AppDelegate.swift */,
				FAD1C74F1B2F57D60053D880 /* ViewController.swift */,
				FAD1C7511B2F57D60053D880 /* Main.storyboard */,
				FAD1C7541B2F57D60053D880 /* Images.xcassets */,
				FAD1C74B1B2F57D60053D880 /* Supporting Files */,
			);
			path = RazzleDazzleDemo;
			sourceTree = "<group>";
		};
		FAD1C74B1B2F57D60053D880 /* Supporting Files */ = {
			isa = PBXGroup;
			children = (
				FAD1C74C1B2F57D60053D880 /* Info.plist */,
				FA6AC6DB1B3DF6690053688A /* LaunchScreen.storyboard */,
			);
			name = "Supporting Files";
			sourceTree = "<group>";
		};
		FAD1C7601B2F57D60053D880 /* RazzleDazzleDemoTests */ = {
			isa = PBXGroup;
			children = (
				FAD1C7631B2F57D60053D880 /* RazzleDazzleDemoTests.swift */,
				FAD1C7611B2F57D60053D880 /* Supporting Files */,
			);
			path = RazzleDazzleDemoTests;
			sourceTree = "<group>";
		};
		FAD1C7611B2F57D60053D880 /* Supporting Files */ = {
			isa = PBXGroup;
			children = (
				FAD1C7621B2F57D60053D880 /* Info.plist */,
			);
			name = "Supporting Files";
			sourceTree = "<group>";
		};
/* End PBXGroup section */

/* Begin PBXNativeTarget section */
		FAD1C7471B2F57D60053D880 /* RazzleDazzleDemo */ = {
			isa = PBXNativeTarget;
			buildConfigurationList = FAD1C7671B2F57D60053D880 /* Build configuration list for PBXNativeTarget "RazzleDazzleDemo" */;
			buildPhases = (
				FAD1C7441B2F57D60053D880 /* Sources */,
				FAD1C7451B2F57D60053D880 /* Frameworks */,
				FAD1C7461B2F57D60053D880 /* Resources */,
				FA0895771B3F1A37002460BB /* Embed Frameworks */,
			);
			buildRules = (
			);
			dependencies = (
			);
			name = RazzleDazzleDemo;
			productName = RazzleDazzleDemo;
			productReference = FAD1C7481B2F57D60053D880 /* RazzleDazzleDemo.app */;
			productType = "com.apple.product-type.application";
		};
		FAD1C75C1B2F57D60053D880 /* RazzleDazzleDemoTests */ = {
			isa = PBXNativeTarget;
			buildConfigurationList = FAD1C76A1B2F57D60053D880 /* Build configuration list for PBXNativeTarget "RazzleDazzleDemoTests" */;
			buildPhases = (
				FAD1C7591B2F57D60053D880 /* Sources */,
				FAD1C75A1B2F57D60053D880 /* Frameworks */,
				FAD1C75B1B2F57D60053D880 /* Resources */,
			);
			buildRules = (
			);
			dependencies = (
				FAD1C75F1B2F57D60053D880 /* PBXTargetDependency */,
			);
			name = RazzleDazzleDemoTests;
			productName = RazzleDazzleDemoTests;
			productReference = FAD1C75D1B2F57D60053D880 /* RazzleDazzleDemoTests.xctest */;
			productType = "com.apple.product-type.bundle.unit-test";
		};
/* End PBXNativeTarget section */

/* Begin PBXProject section */
		FAD1C7401B2F57D60053D880 /* Project object */ = {
			isa = PBXProject;
			attributes = {
				LastSwiftUpdateCheck = 0700;
				LastUpgradeCheck = 0800;
				ORGANIZATIONNAME = IFTTT;
				TargetAttributes = {
					FAD1C7471B2F57D60053D880 = {
						CreatedOnToolsVersion = 6.3.2;
						DevelopmentTeamName = "Raphael Cruzeiro (Personal Team)";
						LastSwiftMigration = 1010;
					};
					FAD1C75C1B2F57D60053D880 = {
						CreatedOnToolsVersion = 6.3.2;
						LastSwiftMigration = 0800;
						TestTargetID = FAD1C7471B2F57D60053D880;
					};
				};
			};
			buildConfigurationList = FAD1C7431B2F57D60053D880 /* Build configuration list for PBXProject "RazzleDazzleDemo" */;
			compatibilityVersion = "Xcode 3.2";
			developmentRegion = English;
			hasScannedForEncodings = 0;
			knownRegions = (
				en,
				Base,
			);
			mainGroup = FAD1C73F1B2F57D60053D880;
			productRefGroup = FAD1C7491B2F57D60053D880 /* Products */;
			projectDirPath = "";
			projectRoot = "";
			targets = (
				FAD1C7471B2F57D60053D880 /* RazzleDazzleDemo */,
				FAD1C75C1B2F57D60053D880 /* RazzleDazzleDemoTests */,
			);
		};
/* End PBXProject section */

/* Begin PBXResourcesBuildPhase section */
		FAD1C7461B2F57D60053D880 /* Resources */ = {
			isa = PBXResourcesBuildPhase;
			buildActionMask = 2147483647;
			files = (
				FA6AC6DD1B3DF6690053688A /* LaunchScreen.storyboard in Resources */,
				FAD1C7531B2F57D60053D880 /* Main.storyboard in Resources */,
				FAD1C7551B2F57D60053D880 /* Images.xcassets in Resources */,
			);
			runOnlyForDeploymentPostprocessing = 0;
		};
		FAD1C75B1B2F57D60053D880 /* Resources */ = {
			isa = PBXResourcesBuildPhase;
			buildActionMask = 2147483647;
			files = (
			);
			runOnlyForDeploymentPostprocessing = 0;
		};
/* End PBXResourcesBuildPhase section */

/* Begin PBXSourcesBuildPhase section */
		FAD1C7441B2F57D60053D880 /* Sources */ = {
			isa = PBXSourcesBuildPhase;
			buildActionMask = 2147483647;
			files = (
				FAD1C7501B2F57D60053D880 /* ViewController.swift in Sources */,
				FAD1C74E1B2F57D60053D880 /* AppDelegate.swift in Sources */,
			);
			runOnlyForDeploymentPostprocessing = 0;
		};
		FAD1C7591B2F57D60053D880 /* Sources */ = {
			isa = PBXSourcesBuildPhase;
			buildActionMask = 2147483647;
			files = (
				FAD1C7641B2F57D60053D880 /* RazzleDazzleDemoTests.swift in Sources */,
			);
			runOnlyForDeploymentPostprocessing = 0;
		};
/* End PBXSourcesBuildPhase section */

/* Begin PBXTargetDependency section */
		FAD1C75F1B2F57D60053D880 /* PBXTargetDependency */ = {
			isa = PBXTargetDependency;
			target = FAD1C7471B2F57D60053D880 /* RazzleDazzleDemo */;
			targetProxy = FAD1C75E1B2F57D60053D880 /* PBXContainerItemProxy */;
		};
/* End PBXTargetDependency section */

/* Begin PBXVariantGroup section */
		FA6AC6DB1B3DF6690053688A /* LaunchScreen.storyboard */ = {
			isa = PBXVariantGroup;
			children = (
				FA6AC6DC1B3DF6690053688A /* Base */,
			);
			name = LaunchScreen.storyboard;
			sourceTree = "<group>";
		};
		FAD1C7511B2F57D60053D880 /* Main.storyboard */ = {
			isa = PBXVariantGroup;
			children = (
				FAD1C7521B2F57D60053D880 /* Base */,
			);
			name = Main.storyboard;
			sourceTree = "<group>";
		};
/* End PBXVariantGroup section */

/* Begin XCBuildConfiguration section */
		FAD1C7651B2F57D60053D880 /* Debug */ = {
			isa = XCBuildConfiguration;
			buildSettings = {
				ALWAYS_SEARCH_USER_PATHS = NO;
				CLANG_CXX_LANGUAGE_STANDARD = "gnu++0x";
				CLANG_CXX_LIBRARY = "libc++";
				CLANG_ENABLE_MODULES = YES;
				CLANG_ENABLE_OBJC_ARC = YES;
				CLANG_WARN_BOOL_CONVERSION = YES;
				CLANG_WARN_CONSTANT_CONVERSION = YES;
				CLANG_WARN_DIRECT_OBJC_ISA_USAGE = YES_ERROR;
				CLANG_WARN_EMPTY_BODY = YES;
				CLANG_WARN_ENUM_CONVERSION = YES;
				CLANG_WARN_INFINITE_RECURSION = YES;
				CLANG_WARN_INT_CONVERSION = YES;
				CLANG_WARN_OBJC_ROOT_CLASS = YES_ERROR;
				CLANG_WARN_SUSPICIOUS_MOVE = YES;
				CLANG_WARN_UNREACHABLE_CODE = YES;
				CLANG_WARN__DUPLICATE_METHOD_MATCH = YES;
				"CODE_SIGN_IDENTITY[sdk=iphoneos*]" = "iPhone Developer";
				COPY_PHASE_STRIP = NO;
				DEBUG_INFORMATION_FORMAT = "dwarf-with-dsym";
				ENABLE_STRICT_OBJC_MSGSEND = YES;
				ENABLE_TESTABILITY = YES;
				GCC_C_LANGUAGE_STANDARD = gnu99;
				GCC_DYNAMIC_NO_PIC = NO;
				GCC_NO_COMMON_BLOCKS = YES;
				GCC_OPTIMIZATION_LEVEL = 0;
				GCC_PREPROCESSOR_DEFINITIONS = (
					"DEBUG=1",
					"$(inherited)",
				);
				GCC_SYMBOLS_PRIVATE_EXTERN = NO;
				GCC_WARN_64_TO_32_BIT_CONVERSION = YES;
				GCC_WARN_ABOUT_RETURN_TYPE = YES_ERROR;
				GCC_WARN_UNDECLARED_SELECTOR = YES;
				GCC_WARN_UNINITIALIZED_AUTOS = YES_AGGRESSIVE;
				GCC_WARN_UNUSED_FUNCTION = YES;
				GCC_WARN_UNUSED_VARIABLE = YES;
				IPHONEOS_DEPLOYMENT_TARGET = 8.3;
				MTL_ENABLE_DEBUG_INFO = YES;
				ONLY_ACTIVE_ARCH = YES;
				SDKROOT = iphoneos;
				SWIFT_OPTIMIZATION_LEVEL = "-Onone";
			};
			name = Debug;
		};
		FAD1C7661B2F57D60053D880 /* Release */ = {
			isa = XCBuildConfiguration;
			buildSettings = {
				ALWAYS_SEARCH_USER_PATHS = NO;
				CLANG_CXX_LANGUAGE_STANDARD = "gnu++0x";
				CLANG_CXX_LIBRARY = "libc++";
				CLANG_ENABLE_MODULES = YES;
				CLANG_ENABLE_OBJC_ARC = YES;
				CLANG_WARN_BOOL_CONVERSION = YES;
				CLANG_WARN_CONSTANT_CONVERSION = YES;
				CLANG_WARN_DIRECT_OBJC_ISA_USAGE = YES_ERROR;
				CLANG_WARN_EMPTY_BODY = YES;
				CLANG_WARN_ENUM_CONVERSION = YES;
				CLANG_WARN_INFINITE_RECURSION = YES;
				CLANG_WARN_INT_CONVERSION = YES;
				CLANG_WARN_OBJC_ROOT_CLASS = YES_ERROR;
				CLANG_WARN_SUSPICIOUS_MOVE = YES;
				CLANG_WARN_UNREACHABLE_CODE = YES;
				CLANG_WARN__DUPLICATE_METHOD_MATCH = YES;
				"CODE_SIGN_IDENTITY[sdk=iphoneos*]" = "iPhone Developer";
				COPY_PHASE_STRIP = NO;
				DEBUG_INFORMATION_FORMAT = "dwarf-with-dsym";
				ENABLE_NS_ASSERTIONS = NO;
				ENABLE_STRICT_OBJC_MSGSEND = YES;
				GCC_C_LANGUAGE_STANDARD = gnu99;
				GCC_NO_COMMON_BLOCKS = YES;
				GCC_WARN_64_TO_32_BIT_CONVERSION = YES;
				GCC_WARN_ABOUT_RETURN_TYPE = YES_ERROR;
				GCC_WARN_UNDECLARED_SELECTOR = YES;
				GCC_WARN_UNINITIALIZED_AUTOS = YES_AGGRESSIVE;
				GCC_WARN_UNUSED_FUNCTION = YES;
				GCC_WARN_UNUSED_VARIABLE = YES;
				IPHONEOS_DEPLOYMENT_TARGET = 8.3;
				MTL_ENABLE_DEBUG_INFO = NO;
				SDKROOT = iphoneos;
				SWIFT_OPTIMIZATION_LEVEL = "-Owholemodule";
				VALIDATE_PRODUCT = YES;
			};
			name = Release;
		};
		FAD1C7681B2F57D60053D880 /* Debug */ = {
			isa = XCBuildConfiguration;
			buildSettings = {
				ASSETCATALOG_COMPILER_APPICON_NAME = AppIcon;
				CODE_SIGN_IDENTITY = "iPhone Developer";
				INFOPLIST_FILE = RazzleDazzleDemo/Info.plist;
				LD_RUNPATH_SEARCH_PATHS = "$(inherited) @executable_path/Frameworks";
				PRODUCT_BUNDLE_IDENTIFIER = "ifttt.$(PRODUCT_NAME:rfc1034identifier)";
				PRODUCT_NAME = "$(TARGET_NAME)";
				SWIFT_SWIFT3_OBJC_INFERENCE = Default;
				SWIFT_VERSION = 4.2;
				TARGETED_DEVICE_FAMILY = "1,2";
			};
			name = Debug;
		};
		FAD1C7691B2F57D60053D880 /* Release */ = {
			isa = XCBuildConfiguration;
			buildSettings = {
				ASSETCATALOG_COMPILER_APPICON_NAME = AppIcon;
				CODE_SIGN_IDENTITY = "iPhone Developer";
				INFOPLIST_FILE = RazzleDazzleDemo/Info.plist;
				LD_RUNPATH_SEARCH_PATHS = "$(inherited) @executable_path/Frameworks";
				PRODUCT_BUNDLE_IDENTIFIER = "ifttt.$(PRODUCT_NAME:rfc1034identifier)";
				PRODUCT_NAME = "$(TARGET_NAME)";
				SWIFT_SWIFT3_OBJC_INFERENCE = Default;
				SWIFT_VERSION = 4.2;
				TARGETED_DEVICE_FAMILY = "1,2";
			};
			name = Release;
		};
		FAD1C76B1B2F57D60053D880 /* Debug */ = {
			isa = XCBuildConfiguration;
			buildSettings = {
				BUNDLE_LOADER = "$(TEST_HOST)";
				FRAMEWORK_SEARCH_PATHS = (
					"$(SDKROOT)/Developer/Library/Frameworks",
					"$(inherited)",
				);
				GCC_PREPROCESSOR_DEFINITIONS = (
					"DEBUG=1",
					"$(inherited)",
				);
				INFOPLIST_FILE = RazzleDazzleDemoTests/Info.plist;
				LD_RUNPATH_SEARCH_PATHS = "$(inherited) @executable_path/Frameworks @loader_path/Frameworks";
				PRODUCT_BUNDLE_IDENTIFIER = "ifttt.$(PRODUCT_NAME:rfc1034identifier)";
				PRODUCT_NAME = "$(TARGET_NAME)";
				SWIFT_VERSION = 3.0;
				TEST_HOST = "$(BUILT_PRODUCTS_DIR)/RazzleDazzleDemo.app/RazzleDazzleDemo";
			};
			name = Debug;
		};
		FAD1C76C1B2F57D60053D880 /* Release */ = {
			isa = XCBuildConfiguration;
			buildSettings = {
				BUNDLE_LOADER = "$(TEST_HOST)";
				FRAMEWORK_SEARCH_PATHS = (
					"$(SDKROOT)/Developer/Library/Frameworks",
					"$(inherited)",
				);
				INFOPLIST_FILE = RazzleDazzleDemoTests/Info.plist;
				LD_RUNPATH_SEARCH_PATHS = "$(inherited) @executable_path/Frameworks @loader_path/Frameworks";
				PRODUCT_BUNDLE_IDENTIFIER = "ifttt.$(PRODUCT_NAME:rfc1034identifier)";
				PRODUCT_NAME = "$(TARGET_NAME)";
				SWIFT_VERSION = 3.0;
				TEST_HOST = "$(BUILT_PRODUCTS_DIR)/RazzleDazzleDemo.app/RazzleDazzleDemo";
			};
			name = Release;
		};
/* End XCBuildConfiguration section */

/* Begin XCConfigurationList section */
		FAD1C7431B2F57D60053D880 /* Build configuration list for PBXProject "RazzleDazzleDemo" */ = {
			isa = XCConfigurationList;
			buildConfigurations = (
				FAD1C7651B2F57D60053D880 /* Debug */,
				FAD1C7661B2F57D60053D880 /* Release */,
			);
			defaultConfigurationIsVisible = 0;
			defaultConfigurationName = Release;
		};
		FAD1C7671B2F57D60053D880 /* Build configuration list for PBXNativeTarget "RazzleDazzleDemo" */ = {
			isa = XCConfigurationList;
			buildConfigurations = (
				FAD1C7681B2F57D60053D880 /* Debug */,
				FAD1C7691B2F57D60053D880 /* Release */,
			);
			defaultConfigurationIsVisible = 0;
			defaultConfigurationName = Release;
		};
		FAD1C76A1B2F57D60053D880 /* Build configuration list for PBXNativeTarget "RazzleDazzleDemoTests" */ = {
			isa = XCConfigurationList;
			buildConfigurations = (
				FAD1C76B1B2F57D60053D880 /* Debug */,
				FAD1C76C1B2F57D60053D880 /* Release */,
			);
			defaultConfigurationIsVisible = 0;
			defaultConfigurationName = Release;
		};
/* End XCConfigurationList section */
	};
	rootObject = FAD1C7401B2F57D60053D880 /* Project object */;
}
